
Microsoft Visual Studio Solution File, Format Version 12.00
# Visual Studio Version 17
VisualStudioVersion = 17.11.35312.102
MinimumVisualStudioVersion = 10.0.40219.1
Project("{2150E333-8FDC-42A3-9474-1A3956D46DE8}") = "MR.Business", "MR.Business", "{746A385B-1A9D-4634-A0A8-50310B24A298}"
EndProject
Project("{2150E333-8FDC-42A3-9474-1A3956D46DE8}") = "MR.Data", "MR.Data", "{F9BFAE47-6A16-4BD4-A11D-7E3BEA4C9ED0}"
EndProject
Project("{2150E333-8FDC-42A3-9474-1A3956D46DE8}") = "MR.Utilites", "MR.Utilites", "{1C0F376F-815C-41A5-B65F-66F1300F0F19}"
EndProject
Project("{9A19103F-16F7-4668-BE54-9A1E7A4F7556}") = "Utilities", "Utilities\Utilities.csproj", "{2B49C599-2367-41F0-8CA9-93E247D1817B}"
EndProject
Project("{9A19103F-16F7-4668-BE54-9A1E7A4F7556}") = "Infrastructure", "Infrastructure\Infrastructure.csproj", "{3D59D01C-37E3-48F0-831A-922051806023}"
EndProject
Project("{9A19103F-16F7-4668-BE54-9A1E7A4F7556}") = "Domain", "Domain\Domain.csproj", "{25286270-A8D4-4034-B96D-D1263ED46FF9}"
EndProject
Project("{FAE04EC0-301F-11D3-BF4B-00C04F79EFBC}") = "IPDService", "IPDService\IPDService.csproj", "{18EF6934-63F2-4C51-8547-92425EB5829F}"
EndProject
Project("{FAE04EC0-301F-11D3-BF4B-00C04F79EFBC}") = "OPDService", "OPDService\OPDService.csproj", "{74C3F0F5-3D07-4383-AF0F-DD4B638B1174}"
EndProject
Project("{FAE04EC0-301F-11D3-BF4B-00C04F79EFBC}") = "BaseService", "BaseService\BaseService.csproj", "{ED3505A0-B0CF-48CE-99B5-EDF94582EAE2}"
EndProject
Project("{FAE04EC0-301F-11D3-BF4B-00C04F79EFBC}") = "ApiGetway", "ApiGetway\ApiGetway.csproj", "{3230E7DB-23B5-4481-8141-EFB9377C52D1}"
EndProject
Project("{FAE04EC0-301F-11D3-BF4B-00C04F79EFBC}") = "JWTAuthenticationManager", "JWTAuthenticationManager\JWTAuthenticationManager.csproj", "{8BB537F7-FBD8-4687-97B6-ACBB3F21634D}"
EndProject
Project("{2150E333-8FDC-42A3-9474-1A3956D46DE8}") = "MR.Application", "MR.Application", "{02EA681E-C7D8-13C7-8484-4AC65E1B71E8}"
EndProject
Project("{FAE04EC0-301F-11D3-BF4B-00C04F79EFBC}") = "Web", "Web\Web.csproj", "{4A23B03F-28EB-4BC4-8D48-7559303A337D}"
EndProject
Project("{FAE04EC0-301F-11D3-BF4B-00C04F79EFBC}") = "RazorLibrary", "RazorLibrary\RazorLibrary.csproj", "{6F87E072-6CAE-4ED7-A0DF-CDAEB51E8FAF}"
EndProject
Project("{FAE04EC0-301F-11D3-BF4B-00C04F79EFBC}") = "MedicalRecordWeb", "MedicalRecordWeb\MedicalRecordWeb.csproj", "{A5FCCC03-A2A8-4B20-820F-5352D959EA3C}"
EndProject
Global
	GlobalSection(SolutionConfigurationPlatforms) = preSolution
		Debug|Any CPU = Debug|Any CPU
		Release|Any CPU = Release|Any CPU
	EndGlobalSection
	GlobalSection(ProjectConfigurationPlatforms) = postSolution
		{2B49C599-2367-41F0-8CA9-93E247D1817B}.Debug|Any CPU.ActiveCfg = Debug|Any CPU
		{2B49C599-2367-41F0-8CA9-93E247D1817B}.Debug|Any CPU.Build.0 = Debug|Any CPU
		{2B49C599-2367-41F0-8CA9-93E247D1817B}.Release|Any CPU.ActiveCfg = Release|Any CPU
		{2B49C599-2367-41F0-8CA9-93E247D1817B}.Release|Any CPU.Build.0 = Release|Any CPU
		{3D59D01C-37E3-48F0-831A-922051806023}.Debug|Any CPU.ActiveCfg = Debug|Any CPU
		{3D59D01C-37E3-48F0-831A-922051806023}.Debug|Any CPU.Build.0 = Debug|Any CPU
		{3D59D01C-37E3-48F0-831A-922051806023}.Release|Any CPU.ActiveCfg = Release|Any CPU
		{3D59D01C-37E3-48F0-831A-922051806023}.Release|Any CPU.Build.0 = Release|Any CPU
		{25286270-A8D4-4034-B96D-D1263ED46FF9}.Debug|Any CPU.ActiveCfg = Debug|Any CPU
		{25286270-A8D4-4034-B96D-D1263ED46FF9}.Debug|Any CPU.Build.0 = Debug|Any CPU
		{25286270-A8D4-4034-B96D-D1263ED46FF9}.Release|Any CPU.ActiveCfg = Release|Any CPU
		{25286270-A8D4-4034-B96D-D1263ED46FF9}.Release|Any CPU.Build.0 = Release|Any CPU
		{18EF6934-63F2-4C51-8547-92425EB5829F}.Debug|Any CPU.ActiveCfg = Debug|Any CPU
		{18EF6934-63F2-4C51-8547-92425EB5829F}.Debug|Any CPU.Build.0 = Debug|Any CPU
		{18EF6934-63F2-4C51-8547-92425EB5829F}.Release|Any CPU.ActiveCfg = Release|Any CPU
		{18EF6934-63F2-4C51-8547-92425EB5829F}.Release|Any CPU.Build.0 = Release|Any CPU
		{74C3F0F5-3D07-4383-AF0F-DD4B638B1174}.Debug|Any CPU.ActiveCfg = Debug|Any CPU
		{74C3F0F5-3D07-4383-AF0F-DD4B638B1174}.Debug|Any CPU.Build.0 = Debug|Any CPU
		{74C3F0F5-3D07-4383-AF0F-DD4B638B1174}.Release|Any CPU.ActiveCfg = Release|Any CPU
		{74C3F0F5-3D07-4383-AF0F-DD4B638B1174}.Release|Any CPU.Build.0 = Release|Any CPU
		{ED3505A0-B0CF-48CE-99B5-EDF94582EAE2}.Debug|Any CPU.ActiveCfg = Debug|Any CPU
		{ED3505A0-B0CF-48CE-99B5-EDF94582EAE2}.Debug|Any CPU.Build.0 = Debug|Any CPU
		{ED3505A0-B0CF-48CE-99B5-EDF94582EAE2}.Release|Any CPU.ActiveCfg = Release|Any CPU
		{ED3505A0-B0CF-48CE-99B5-EDF94582EAE2}.Release|Any CPU.Build.0 = Release|Any CPU
		{3230E7DB-23B5-4481-8141-EFB9377C52D1}.Debug|Any CPU.ActiveCfg = Debug|Any CPU
		{3230E7DB-23B5-4481-8141-EFB9377C52D1}.Debug|Any CPU.Build.0 = Debug|Any CPU
		{3230E7DB-23B5-4481-8141-EFB9377C52D1}.Release|Any CPU.ActiveCfg = Release|Any CPU
		{3230E7DB-23B5-4481-8141-EFB9377C52D1}.Release|Any CPU.Build.0 = Release|Any CPU
		{8BB537F7-FBD8-4687-97B6-ACBB3F21634D}.Debug|Any CPU.ActiveCfg = Debug|Any CPU
		{8BB537F7-FBD8-4687-97B6-ACBB3F21634D}.Debug|Any CPU.Build.0 = Debug|Any CPU
		{8BB537F7-FBD8-4687-97B6-ACBB3F21634D}.Release|Any CPU.ActiveCfg = Release|Any CPU
		{8BB537F7-FBD8-4687-97B6-ACBB3F21634D}.Release|Any CPU.Build.0 = Release|Any CPU
		{4A23B03F-28EB-4BC4-8D48-7559303A337D}.Debug|Any CPU.ActiveCfg = Debug|Any CPU
		{4A23B03F-28EB-4BC4-8D48-7559303A337D}.Debug|Any CPU.Build.0 = Debug|Any CPU
		{4A23B03F-28EB-4BC4-8D48-7559303A337D}.Debug|Any CPU.Deploy.0 = Debug|Any CPU
		{4A23B03F-28EB-4BC4-8D48-7559303A337D}.Release|Any CPU.ActiveCfg = Release|Any CPU
		{4A23B03F-28EB-4BC4-8D48-7559303A337D}.Release|Any CPU.Build.0 = Release|Any CPU
		{4A23B03F-28EB-4BC4-8D48-7559303A337D}.Release|Any CPU.Deploy.0 = Release|Any CPU
		{6F87E072-6CAE-4ED7-A0DF-CDAEB51E8FAF}.Debug|Any CPU.ActiveCfg = Debug|Any CPU
		{6F87E072-6CAE-4ED7-A0DF-CDAEB51E8FAF}.Debug|Any CPU.Build.0 = Debug|Any CPU
		{6F87E072-6CAE-4ED7-A0DF-CDAEB51E8FAF}.Release|Any CPU.ActiveCfg = Release|Any CPU
		{6F87E072-6CAE-4ED7-A0DF-CDAEB51E8FAF}.Release|Any CPU.Build.0 = Release|Any CPU
		{A5FCCC03-A2A8-4B20-820F-5352D959EA3C}.Debug|Any CPU.ActiveCfg = Debug|Any CPU
		{A5FCCC03-A2A8-4B20-820F-5352D959EA3C}.Debug|Any CPU.Build.0 = Debug|Any CPU
		{A5FCCC03-A2A8-4B20-820F-5352D959EA3C}.Release|Any CPU.ActiveCfg = Release|Any CPU
		{A5FCCC03-A2A8-4B20-820F-5352D959EA3C}.Release|Any CPU.Build.0 = Release|Any CPU
	EndGlobalSection
	GlobalSection(SolutionProperties) = preSolution
		HideSolutionNode = FALSE
	EndGlobalSection
	GlobalSection(NestedProjects) = preSolution
		{2B49C599-2367-41F0-8CA9-93E247D1817B} = {1C0F376F-815C-41A5-B65F-66F1300F0F19}
		{3D59D01C-37E3-48F0-831A-922051806023} = {F9BFAE47-6A16-4BD4-A11D-7E3BEA4C9ED0}
		{25286270-A8D4-4034-B96D-D1263ED46FF9} = {746A385B-1A9D-4634-A0A8-50310B24A298}
		{18EF6934-63F2-4C51-8547-92425EB5829F} = {746A385B-1A9D-4634-A0A8-50310B24A298}
		{74C3F0F5-3D07-4383-AF0F-DD4B638B1174} = {746A385B-1A9D-4634-A0A8-50310B24A298}
		{ED3505A0-B0CF-48CE-99B5-EDF94582EAE2} = {746A385B-1A9D-4634-A0A8-50310B24A298}
		{3230E7DB-23B5-4481-8141-EFB9377C52D1} = {746A385B-1A9D-4634-A0A8-50310B24A298}
		{8BB537F7-FBD8-4687-97B6-ACBB3F21634D} = {746A385B-1A9D-4634-A0A8-50310B24A298}
		{4A23B03F-28EB-4BC4-8D48-7559303A337D} = {02EA681E-C7D8-13C7-8484-4AC65E1B71E8}
		{6F87E072-6CAE-4ED7-A0DF-CDAEB51E8FAF} = {02EA681E-C7D8-13C7-8484-4AC65E1B71E8}
		{A5FCCC03-A2A8-4B20-820F-5352D959EA3C} = {02EA681E-C7D8-13C7-8484-4AC65E1B71E8}
	EndGlobalSection
	GlobalSection(ExtensibilityGlobals) = postSolution
		SolutionGuid = {29E73AEF-616F-451C-838D-DCE5A7D0BF58}
	EndGlobalSection
EndGlobal
